
Microsoft Visual Studio Solution File, Format Version 12.00
# Visual Studio Version 17
VisualStudioVersion = 17.0.31903.59
MinimumVisualStudioVersion = 10.0.40219.1
Project("{2150E333-8FDC-42A3-9474-1A3956D46DE8}") = "Prima_Esercitazione", "Prima_Esercitazione", "{C026496B-A9A9-4460-9A81-D2D1E89580FC}"
EndProject
Project("{FAE04EC0-301F-11D3-BF4B-00C04F79EFBC}") = "console", "Prima_Esercitazione\console\console.csproj", "{E5CE7024-7F8F-485D-B428-6D24A678BF89}"
EndProject
Project("{FAE04EC0-301F-11D3-BF4B-00C04F79EFBC}") = "15-Fizz-Buzz", "15-Fizz-Buzz\15-Fizz-Buzz.csproj", "{B1737D6A-7BC3-4DEE-BD53-E687CF7028DD}"
EndProject
Project("{FAE04EC0-301F-11D3-BF4B-00C04F79EFBC}") = "42-Yahzee", "42-Yahzee\42-Yahzee.csproj", "{3568BFCA-9C4F-472A-8551-B9C1A34DF561}"
EndProject
Project("{FAE04EC0-301F-11D3-BF4B-00C04F79EFBC}") = "64-Persistenza-dati-Deserializzazione", "64-Persistenza-dati-Deserializzazione\64-Persistenza-dati-Deserializzazione.csproj", "{B0C65767-69C1-4B3E-8141-F7E2F45F4178}"
EndProject
Project("{FAE04EC0-301F-11D3-BF4B-00C04F79EFBC}") = "Gestionale-Spese-Aziendali", "Gestionale-Spese-Aziendali\Gestionale-Spese-Aziendali.csproj", "{719F35C6-D9F7-4AD6-8458-3180ABA1BD06}"
EndProject
Project("{FAE04EC0-301F-11D3-BF4B-00C04F79EFBC}") = "73-Libreria-Math", "73-Libreria-Math\73-Libreria-Math.csproj", "{BC1A90D3-B472-416C-A26E-7221A357B9FE}"
EndProject
Project("{FAE04EC0-301F-11D3-BF4B-00C04F79EFBC}") = "77-database-esercizi", "77-database-esercizi\77-database-esercizi.csproj", "{51274880-FBAF-4EED-B8AC-0C774DB545F8}"
EndProject
Project("{FAE04EC0-301F-11D3-BF4B-00C04F79EFBC}") = "SitoBoostrap", "SitoBoostrap\SitoBoostrap.csproj", "{4822D6E3-6EBA-4FBA-9BAC-2ECAD9EFD68E}"
EndProject
Project("{FAE04EC0-301F-11D3-BF4B-00C04F79EFBC}") = "SitoBoostrap2", "SitoBoostrap2\SitoBoostrap2.csproj", "{18794CD1-9ADC-4111-8CD5-855E1743A11D}"
EndProject
Project("{FAE04EC0-301F-11D3-BF4B-00C04F79EFBC}") = "MvcConsole", "MvcConsole\MvcConsole.csproj", "{4445B4F0-7A7B-4F51-959E-2C3F3C95C29C}"
EndProject
Project("{FAE04EC0-301F-11D3-BF4B-00C04F79EFBC}") = "MvcConsoleDatabase", "MvcConsoleDatabase\MvcConsoleDatabase.csproj", "{077D8B4F-9000-4060-B62C-221BE32B50A6}"
EndProject
Global
	GlobalSection(SolutionConfigurationPlatforms) = preSolution
		Debug|Any CPU = Debug|Any CPU
		Release|Any CPU = Release|Any CPU
	EndGlobalSection
	GlobalSection(SolutionProperties) = preSolution
		HideSolutionNode = FALSE
	EndGlobalSection
	GlobalSection(ProjectConfigurationPlatforms) = postSolution
		{E5CE7024-7F8F-485D-B428-6D24A678BF89}.Debug|Any CPU.ActiveCfg = Debug|Any CPU
		{E5CE7024-7F8F-485D-B428-6D24A678BF89}.Debug|Any CPU.Build.0 = Debug|Any CPU
		{E5CE7024-7F8F-485D-B428-6D24A678BF89}.Release|Any CPU.ActiveCfg = Release|Any CPU
		{E5CE7024-7F8F-485D-B428-6D24A678BF89}.Release|Any CPU.Build.0 = Release|Any CPU
		{B1737D6A-7BC3-4DEE-BD53-E687CF7028DD}.Debug|Any CPU.ActiveCfg = Debug|Any CPU
		{B1737D6A-7BC3-4DEE-BD53-E687CF7028DD}.Debug|Any CPU.Build.0 = Debug|Any CPU
		{B1737D6A-7BC3-4DEE-BD53-E687CF7028DD}.Release|Any CPU.ActiveCfg = Release|Any CPU
		{B1737D6A-7BC3-4DEE-BD53-E687CF7028DD}.Release|Any CPU.Build.0 = Release|Any CPU
		{3568BFCA-9C4F-472A-8551-B9C1A34DF561}.Debug|Any CPU.ActiveCfg = Debug|Any CPU
		{3568BFCA-9C4F-472A-8551-B9C1A34DF561}.Debug|Any CPU.Build.0 = Debug|Any CPU
		{3568BFCA-9C4F-472A-8551-B9C1A34DF561}.Release|Any CPU.ActiveCfg = Release|Any CPU
		{3568BFCA-9C4F-472A-8551-B9C1A34DF561}.Release|Any CPU.Build.0 = Release|Any CPU
		{B0C65767-69C1-4B3E-8141-F7E2F45F4178}.Debug|Any CPU.ActiveCfg = Debug|Any CPU
		{B0C65767-69C1-4B3E-8141-F7E2F45F4178}.Debug|Any CPU.Build.0 = Debug|Any CPU
		{B0C65767-69C1-4B3E-8141-F7E2F45F4178}.Release|Any CPU.ActiveCfg = Release|Any CPU
		{B0C65767-69C1-4B3E-8141-F7E2F45F4178}.Release|Any CPU.Build.0 = Release|Any CPU
		{719F35C6-D9F7-4AD6-8458-3180ABA1BD06}.Debug|Any CPU.ActiveCfg = Debug|Any CPU
		{719F35C6-D9F7-4AD6-8458-3180ABA1BD06}.Debug|Any CPU.Build.0 = Debug|Any CPU
		{719F35C6-D9F7-4AD6-8458-3180ABA1BD06}.Release|Any CPU.ActiveCfg = Release|Any CPU
		{719F35C6-D9F7-4AD6-8458-3180ABA1BD06}.Release|Any CPU.Build.0 = Release|Any CPU
		{BC1A90D3-B472-416C-A26E-7221A357B9FE}.Debug|Any CPU.ActiveCfg = Debug|Any CPU
		{BC1A90D3-B472-416C-A26E-7221A357B9FE}.Debug|Any CPU.Build.0 = Debug|Any CPU
		{BC1A90D3-B472-416C-A26E-7221A357B9FE}.Release|Any CPU.ActiveCfg = Release|Any CPU
		{BC1A90D3-B472-416C-A26E-7221A357B9FE}.Release|Any CPU.Build.0 = Release|Any CPU
		{51274880-FBAF-4EED-B8AC-0C774DB545F8}.Debug|Any CPU.ActiveCfg = Debug|Any CPU
		{51274880-FBAF-4EED-B8AC-0C774DB545F8}.Debug|Any CPU.Build.0 = Debug|Any CPU
		{51274880-FBAF-4EED-B8AC-0C774DB545F8}.Release|Any CPU.ActiveCfg = Release|Any CPU
		{51274880-FBAF-4EED-B8AC-0C774DB545F8}.Release|Any CPU.Build.0 = Release|Any CPU
		{4822D6E3-6EBA-4FBA-9BAC-2ECAD9EFD68E}.Debug|Any CPU.ActiveCfg = Debug|Any CPU
		{4822D6E3-6EBA-4FBA-9BAC-2ECAD9EFD68E}.Debug|Any CPU.Build.0 = Debug|Any CPU
		{4822D6E3-6EBA-4FBA-9BAC-2ECAD9EFD68E}.Release|Any CPU.ActiveCfg = Release|Any CPU
		{4822D6E3-6EBA-4FBA-9BAC-2ECAD9EFD68E}.Release|Any CPU.Build.0 = Release|Any CPU
		{18794CD1-9ADC-4111-8CD5-855E1743A11D}.Debug|Any CPU.ActiveCfg = Debug|Any CPU
		{18794CD1-9ADC-4111-8CD5-855E1743A11D}.Debug|Any CPU.Build.0 = Debug|Any CPU
		{18794CD1-9ADC-4111-8CD5-855E1743A11D}.Release|Any CPU.ActiveCfg = Release|Any CPU
		{18794CD1-9ADC-4111-8CD5-855E1743A11D}.Release|Any CPU.Build.0 = Release|Any CPU
		{4445B4F0-7A7B-4F51-959E-2C3F3C95C29C}.Debug|Any CPU.ActiveCfg = Debug|Any CPU
		{4445B4F0-7A7B-4F51-959E-2C3F3C95C29C}.Debug|Any CPU.Build.0 = Debug|Any CPU
		{4445B4F0-7A7B-4F51-959E-2C3F3C95C29C}.Release|Any CPU.ActiveCfg = Release|Any CPU
		{4445B4F0-7A7B-4F51-959E-2C3F3C95C29C}.Release|Any CPU.Build.0 = Release|Any CPU
		{077D8B4F-9000-4060-B62C-221BE32B50A6}.Debug|Any CPU.ActiveCfg = Debug|Any CPU
		{077D8B4F-9000-4060-B62C-221BE32B50A6}.Debug|Any CPU.Build.0 = Debug|Any CPU
		{077D8B4F-9000-4060-B62C-221BE32B50A6}.Release|Any CPU.ActiveCfg = Release|Any CPU
		{077D8B4F-9000-4060-B62C-221BE32B50A6}.Release|Any CPU.Build.0 = Release|Any CPU
	EndGlobalSection
	GlobalSection(NestedProjects) = preSolution
		{E5CE7024-7F8F-485D-B428-6D24A678BF89} = {C026496B-A9A9-4460-9A81-D2D1E89580FC}
	EndGlobalSection
EndGlobal
