
Microsoft Visual Studio Solution File, Format Version 12.00
# Visual Studio Version 17
VisualStudioVersion = 17.0.31903.59
MinimumVisualStudioVersion = 10.0.40219.1
Project("{2150E333-8FDC-42A3-9474-1A3956D46DE8}") = "Prima_Esercitazione", "Prima_Esercitazione", "{C026496B-A9A9-4460-9A81-D2D1E89580FC}"
EndProject
Project("{FAE04EC0-301F-11D3-BF4B-00C04F79EFBC}") = "console", "Prima_Esercitazione\console\console.csproj", "{E5CE7024-7F8F-485D-B428-6D24A678BF89}"
EndProject
Project("{FAE04EC0-301F-11D3-BF4B-00C04F79EFBC}") = "15-Fizz-Buzz", "15-Fizz-Buzz\15-Fizz-Buzz.csproj", "{B1737D6A-7BC3-4DEE-BD53-E687CF7028DD}"
EndProject
Project("{FAE04EC0-301F-11D3-BF4B-00C04F79EFBC}") = "42-Yahzee", "42-Yahzee\42-Yahzee.csproj", "{3568BFCA-9C4F-472A-8551-B9C1A34DF561}"
EndProject
Global
	GlobalSection(SolutionConfigurationPlatforms) = preSolution
		Debug|Any CPU = Debug|Any CPU
		Release|Any CPU = Release|Any CPU
	EndGlobalSection
	GlobalSection(SolutionProperties) = preSolution
		HideSolutionNode = FALSE
	EndGlobalSection
	GlobalSection(ProjectConfigurationPlatforms) = postSolution
		{E5CE7024-7F8F-485D-B428-6D24A678BF89}.Debug|Any CPU.ActiveCfg = Debug|Any CPU
		{E5CE7024-7F8F-485D-B428-6D24A678BF89}.Debug|Any CPU.Build.0 = Debug|Any CPU
		{E5CE7024-7F8F-485D-B428-6D24A678BF89}.Release|Any CPU.ActiveCfg = Release|Any CPU
		{E5CE7024-7F8F-485D-B428-6D24A678BF89}.Release|Any CPU.Build.0 = Release|Any CPU
		{B1737D6A-7BC3-4DEE-BD53-E687CF7028DD}.Debug|Any CPU.ActiveCfg = Debug|Any CPU
		{B1737D6A-7BC3-4DEE-BD53-E687CF7028DD}.Debug|Any CPU.Build.0 = Debug|Any CPU
		{B1737D6A-7BC3-4DEE-BD53-E687CF7028DD}.Release|Any CPU.ActiveCfg = Release|Any CPU
		{B1737D6A-7BC3-4DEE-BD53-E687CF7028DD}.Release|Any CPU.Build.0 = Release|Any CPU
		{3568BFCA-9C4F-472A-8551-B9C1A34DF561}.Debug|Any CPU.ActiveCfg = Debug|Any CPU
		{3568BFCA-9C4F-472A-8551-B9C1A34DF561}.Debug|Any CPU.Build.0 = Debug|Any CPU
		{3568BFCA-9C4F-472A-8551-B9C1A34DF561}.Release|Any CPU.ActiveCfg = Release|Any CPU
		{3568BFCA-9C4F-472A-8551-B9C1A34DF561}.Release|Any CPU.Build.0 = Release|Any CPU
	EndGlobalSection
	GlobalSection(NestedProjects) = preSolution
		{E5CE7024-7F8F-485D-B428-6D24A678BF89} = {C026496B-A9A9-4460-9A81-D2D1E89580FC}
	EndGlobalSection
EndGlobal
